// !$*UTF8*$!
{
	archiveVersion = 1;
	classes = {
	};
	objectVersion = 50;
	objects = {

/* Begin PBXBuildFile section */
		5188F019214AB4190087430D /* AppDelegate.swift in Sources */ = {isa = PBXBuildFile; fileRef = 5188F018214AB4190087430D /* AppDelegate.swift */; };
		5188F01B214AB4190087430D /* ViewController.swift in Sources */ = {isa = PBXBuildFile; fileRef = 5188F01A214AB4190087430D /* ViewController.swift */; };
		5188F01E214AB4190087430D /* Main.storyboard in Resources */ = {isa = PBXBuildFile; fileRef = 5188F01C214AB4190087430D /* Main.storyboard */; };
		5188F020214AB41B0087430D /* Assets.xcassets in Resources */ = {isa = PBXBuildFile; fileRef = 5188F01F214AB41B0087430D /* Assets.xcassets */; };
		5188F023214AB41B0087430D /* LaunchScreen.storyboard in Resources */ = {isa = PBXBuildFile; fileRef = 5188F021214AB41B0087430D /* LaunchScreen.storyboard */; };
		D8A7258CD4C66E31CDFBA504 /* Pods_imageUpload.framework in Frameworks */ = {isa = PBXBuildFile; fileRef = 47500680DAD583976EAC73E0 /* Pods_imageUpload.framework */; };
/* End PBXBuildFile section */

/* Begin PBXFileReference section */
		47500680DAD583976EAC73E0 /* Pods_imageUpload.framework */ = {isa = PBXFileReference; explicitFileType = wrapper.framework; includeInIndex = 0; path = Pods_imageUpload.framework; sourceTree = BUILT_PRODUCTS_DIR; };
		5188F015214AB4190087430D /* imageUpload.app */ = {isa = PBXFileReference; explicitFileType = wrapper.application; includeInIndex = 0; path = imageUpload.app; sourceTree = BUILT_PRODUCTS_DIR; };
		5188F018214AB4190087430D /* AppDelegate.swift */ = {isa = PBXFileReference; lastKnownFileType = sourcecode.swift; path = AppDelegate.swift; sourceTree = "<group>"; };
		5188F01A214AB4190087430D /* ViewController.swift */ = {isa = PBXFileReference; lastKnownFileType = sourcecode.swift; path = ViewController.swift; sourceTree = "<group>"; };
		5188F01D214AB4190087430D /* Base */ = {isa = PBXFileReference; lastKnownFileType = file.storyboard; name = Base; path = Base.lproj/Main.storyboard; sourceTree = "<group>"; };
		5188F01F214AB41B0087430D /* Assets.xcassets */ = {isa = PBXFileReference; lastKnownFileType = folder.assetcatalog; path = Assets.xcassets; sourceTree = "<group>"; };
		5188F022214AB41B0087430D /* Base */ = {isa = PBXFileReference; lastKnownFileType = file.storyboard; name = Base; path = Base.lproj/LaunchScreen.storyboard; sourceTree = "<group>"; };
		5188F024214AB41B0087430D /* Info.plist */ = {isa = PBXFileReference; lastKnownFileType = text.plist.xml; path = Info.plist; sourceTree = "<group>"; };
		78C23309F70C805BEAE7A318 /* Pods-imageUpload.release.xcconfig */ = {isa = PBXFileReference; includeInIndex = 1; lastKnownFileType = text.xcconfig; name = "Pods-imageUpload.release.xcconfig"; path = "Pods/Target Support Files/Pods-imageUpload/Pods-imageUpload.release.xcconfig"; sourceTree = "<group>"; };
		8371393D8EBE4059345BA638 /* Pods-imageUpload.debug.xcconfig */ = {isa = PBXFileReference; includeInIndex = 1; lastKnownFileType = text.xcconfig; name = "Pods-imageUpload.debug.xcconfig"; path = "Pods/Target Support Files/Pods-imageUpload/Pods-imageUpload.debug.xcconfig"; sourceTree = "<group>"; };
/* End PBXFileReference section */

/* Begin PBXFrameworksBuildPhase section */
		5188F012214AB4190087430D /* Frameworks */ = {
			isa = PBXFrameworksBuildPhase;
			buildActionMask = 2147483647;
			files = (
				D8A7258CD4C66E31CDFBA504 /* Pods_imageUpload.framework in Frameworks */,
			);
			runOnlyForDeploymentPostprocessing = 0;
		};
/* End PBXFrameworksBuildPhase section */

/* Begin PBXGroup section */
		5188F00C214AB4190087430D = {
			isa = PBXGroup;
			children = (
				5188F017214AB4190087430D /* imageUpload */,
				5188F016214AB4190087430D /* Products */,
				D8F3DC85D882B025C789278E /* Pods */,
				DB6E83361195EE0136003337 /* Frameworks */,
			);
			sourceTree = "<group>";
		};
		5188F016214AB4190087430D /* Products */ = {
			isa = PBXGroup;
			children = (
				5188F015214AB4190087430D /* imageUpload.app */,
			);
			name = Products;
			sourceTree = "<group>";
		};
		5188F017214AB4190087430D /* imageUpload */ = {
			isa = PBXGroup;
			children = (
				5188F018214AB4190087430D /* AppDelegate.swift */,
				5188F01A214AB4190087430D /* ViewController.swift */,
				5188F01C214AB4190087430D /* Main.storyboard */,
				5188F01F214AB41B0087430D /* Assets.xcassets */,
				5188F021214AB41B0087430D /* LaunchScreen.storyboard */,
				5188F024214AB41B0087430D /* Info.plist */,
			);
			path = imageUpload;
			sourceTree = "<group>";
		};
		D8F3DC85D882B025C789278E /* Pods */ = {
			isa = PBXGroup;
			children = (
				8371393D8EBE4059345BA638 /* Pods-imageUpload.debug.xcconfig */,
				78C23309F70C805BEAE7A318 /* Pods-imageUpload.release.xcconfig */,
			);
			name = Pods;
			sourceTree = "<group>";
		};
		DB6E83361195EE0136003337 /* Frameworks */ = {
			isa = PBXGroup;
			children = (
				47500680DAD583976EAC73E0 /* Pods_imageUpload.framework */,
			);
			name = Frameworks;
			sourceTree = "<group>";
		};
/* End PBXGroup section */

/* Begin PBXNativeTarget section */
		5188F014214AB4190087430D /* imageUpload */ = {
			isa = PBXNativeTarget;
			buildConfigurationList = 5188F027214AB41B0087430D /* Build configuration list for PBXNativeTarget "imageUpload" */;
			buildPhases = (
				E76C7B0DA02A8E4BFC97330E /* [CP] Check Pods Manifest.lock */,
				5188F011214AB4190087430D /* Sources */,
				5188F012214AB4190087430D /* Frameworks */,
				5188F013214AB4190087430D /* Resources */,
				F1D3DCAA727467D85B000833 /* [CP] Embed Pods Frameworks */,
			);
			buildRules = (
			);
			dependencies = (
			);
			name = imageUpload;
			productName = imageUpload;
			productReference = 5188F015214AB4190087430D /* imageUpload.app */;
			productType = "com.apple.product-type.application";
		};
/* End PBXNativeTarget section */

/* Begin PBXProject section */
		5188F00D214AB4190087430D /* Project object */ = {
			isa = PBXProject;
			attributes = {
				LastSwiftUpdateCheck = 0940;
				LastUpgradeCheck = 0940;
				ORGANIZATIONNAME = "Mohammed Altoobi";
				TargetAttributes = {
					5188F014214AB4190087430D = {
						CreatedOnToolsVersion = 9.4.1;
					};
				};
			};
			buildConfigurationList = 5188F010214AB4190087430D /* Build configuration list for PBXProject "imageUpload" */;
			compatibilityVersion = "Xcode 9.3";
			developmentRegion = en;
			hasScannedForEncodings = 0;
			knownRegions = (
				en,
				Base,
			);
			mainGroup = 5188F00C214AB4190087430D;
			productRefGroup = 5188F016214AB4190087430D /* Products */;
			projectDirPath = "";
			projectRoot = "";
			targets = (
				5188F014214AB4190087430D /* imageUpload */,
			);
		};
/* End PBXProject section */

/* Begin PBXResourcesBuildPhase section */
		5188F013214AB4190087430D /* Resources */ = {
			isa = PBXResourcesBuildPhase;
			buildActionMask = 2147483647;
			files = (
				5188F023214AB41B0087430D /* LaunchScreen.storyboard in Resources */,
				5188F020214AB41B0087430D /* Assets.xcassets in Resources */,
				5188F01E214AB4190087430D /* Main.storyboard in Resources */,
			);
			runOnlyForDeploymentPostprocessing = 0;
		};
/* End PBXResourcesBuildPhase section */

/* Begin PBXShellScriptBuildPhase section */
		E76C7B0DA02A8E4BFC97330E /* [CP] Check Pods Manifest.lock */ = {
			isa = PBXShellScriptBuildPhase;
			buildActionMask = 2147483647;
			files = (
			);
			inputPaths = (
				"${PODS_PODFILE_DIR_PATH}/Podfile.lock",
				"${PODS_ROOT}/Manifest.lock",
			);
			name = "[CP] Check Pods Manifest.lock";
			outputPaths = (
				"$(DERIVED_FILE_DIR)/Pods-imageUpload-checkManifestLockResult.txt",
			);
			runOnlyForDeploymentPostprocessing = 0;
			shellPath = /bin/sh;
			shellScript = "diff \"${PODS_PODFILE_DIR_PATH}/Podfile.lock\" \"${PODS_ROOT}/Manifest.lock\" > /dev/null\nif [ $? != 0 ] ; then\n    # print error to STDERR\n    echo \"error: The sandbox is not in sync with the Podfile.lock. Run 'pod install' or update your CocoaPods installation.\" >&2\n    exit 1\nfi\n# This output is used by Xcode 'outputs' to avoid re-running this script phase.\necho \"SUCCESS\" > \"${SCRIPT_OUTPUT_FILE_0}\"\n";
			showEnvVarsInLog = 0;
		};
		F1D3DCAA727467D85B000833 /* [CP] Embed Pods Frameworks */ = {
			isa = PBXShellScriptBuildPhase;
			buildActionMask = 2147483647;
			files = (
			);
			inputPaths = (
				"${SRCROOT}/Pods/Target Support Files/Pods-imageUpload/Pods-imageUpload-frameworks.sh",
				"${BUILT_PRODUCTS_DIR}/Alamofire/Alamofire.framework",
			);
			name = "[CP] Embed Pods Frameworks";
			outputPaths = (
				"${TARGET_BUILD_DIR}/${FRAMEWORKS_FOLDER_PATH}/Alamofire.framework",
			);
			runOnlyForDeploymentPostprocessing = 0;
			shellPath = /bin/sh;
			shellScript = "\"${SRCROOT}/Pods/Target Support Files/Pods-imageUpload/Pods-imageUpload-frameworks.sh\"\n";
			showEnvVarsInLog = 0;
		};
/* End PBXShellScriptBuildPhase section */

/* Begin PBXSourcesBuildPhase section */
		5188F011214AB4190087430D /* Sources */ = {
			isa = PBXSourcesBuildPhase;
			buildActionMask = 2147483647;
			files = (
				5188F01B214AB4190087430D /* ViewController.swift in Sources */,
				5188F019214AB4190087430D /* AppDelegate.swift in Sources */,
			);
			runOnlyForDeploymentPostprocessing = 0;
		};
/* End PBXSourcesBuildPhase section */

/* Begin PBXVariantGroup section */
		5188F01C214AB4190087430D /* Main.storyboard */ = {
			isa = PBXVariantGroup;
			children = (
				5188F01D214AB4190087430D /* Base */,
			);
			name = Main.storyboard;
			sourceTree = "<group>";
		};
		5188F021214AB41B0087430D /* LaunchScreen.storyboard */ = {
			isa = PBXVariantGroup;
			children = (
				5188F022214AB41B0087430D /* Base */,
			);
			name = LaunchScreen.storyboard;
			sourceTree = "<group>";
		};
/* End PBXVariantGroup section */

/* Begin XCBuildConfiguration section */
		5188F025214AB41B0087430D /* Debug */ = {
			isa = XCBuildConfiguration;
			buildSettings = {
				ALWAYS_SEARCH_USER_PATHS = NO;
				CLANG_ANALYZER_NONNULL = YES;
				CLANG_ANALYZER_NUMBER_OBJECT_CONVERSION = YES_AGGRESSIVE;
				CLANG_CXX_LANGUAGE_STANDARD = "gnu++14";
				CLANG_CXX_LIBRARY = "libc++";
				CLANG_ENABLE_MODULES = YES;
				CLANG_ENABLE_OBJC_ARC = YES;
				CLANG_ENABLE_OBJC_WEAK = YES;
				CLANG_WARN_BLOCK_CAPTURE_AUTORELEASING = YES;
				CLANG_WARN_BOOL_CONVERSION = YES;
				CLANG_WARN_COMMA = YES;
				CLANG_WARN_CONSTANT_CONVERSION = YES;
				CLANG_WARN_DEPRECATED_OBJC_IMPLEMENTATIONS = YES;
				CLANG_WARN_DIRECT_OBJC_ISA_USAGE = YES_ERROR;
				CLANG_WARN_DOCUMENTATION_COMMENTS = YES;
				CLANG_WARN_EMPTY_BODY = YES;
				CLANG_WARN_ENUM_CONVERSION = YES;
				CLANG_WARN_INFINITE_RECURSION = YES;
				CLANG_WARN_INT_CONVERSION = YES;
				CLANG_WARN_NON_LITERAL_NULL_CONVERSION = YES;
				CLANG_WARN_OBJC_IMPLICIT_RETAIN_SELF = YES;
				CLANG_WARN_OBJC_LITERAL_CONVERSION = YES;
				CLANG_WARN_OBJC_ROOT_CLASS = YES_ERROR;
				CLANG_WARN_RANGE_LOOP_ANALYSIS = YES;
				CLANG_WARN_STRICT_PROTOTYPES = YES;
				CLANG_WARN_SUSPICIOUS_MOVE = YES;
				CLANG_WARN_UNGUARDED_AVAILABILITY = YES_AGGRESSIVE;
				CLANG_WARN_UNREACHABLE_CODE = YES;
				CLANG_WARN__DUPLICATE_METHOD_MATCH = YES;
				CODE_SIGN_IDENTITY = "iPhone Developer";
				COPY_PHASE_STRIP = NO;
				DEBUG_INFORMATION_FORMAT = dwarf;
				ENABLE_STRICT_OBJC_MSGSEND = YES;
				ENABLE_TESTABILITY = YES;
				GCC_C_LANGUAGE_STANDARD = gnu11;
				GCC_DYNAMIC_NO_PIC = NO;
				GCC_NO_COMMON_BLOCKS = YES;
				GCC_OPTIMIZATION_LEVEL = 0;
				GCC_PREPROCESSOR_DEFINITIONS = (
					"DEBUG=1",
					"$(inherited)",
				);
				GCC_WARN_64_TO_32_BIT_CONVERSION = YES;
				GCC_WARN_ABOUT_RETURN_TYPE = YES_ERROR;
				GCC_WARN_UNDECLARED_SELECTOR = YES;
				GCC_WARN_UNINITIALIZED_AUTOS = YES_AGGRESSIVE;
				GCC_WARN_UNUSED_FUNCTION = YES;
				GCC_WARN_UNUSED_VARIABLE = YES;
				IPHONEOS_DEPLOYMENT_TARGET = 11.4;
				MTL_ENABLE_DEBUG_INFO = YES;
				ONLY_ACTIVE_ARCH = YES;
				SDKROOT = iphoneos;
				SWIFT_ACTIVE_COMPILATION_CONDITIONS = DEBUG;
				SWIFT_OPTIMIZATION_LEVEL = "-Onone";
			};
			name = Debug;
		};
		5188F026214AB41B0087430D /* Release */ = {
			isa = XCBuildConfiguration;
			buildSettings = {
				ALWAYS_SEARCH_USER_PATHS = NO;
				CLANG_ANALYZER_NONNULL = YES;
				CLANG_ANALYZER_NUMBER_OBJECT_CONVERSION = YES_AGGRESSIVE;
				CLANG_CXX_LANGUAGE_STANDARD = "gnu++14";
				CLANG_CXX_LIBRARY = "libc++";
				CLANG_ENABLE_MODULES = YES;
				CLANG_ENABLE_OBJC_ARC = YES;
				CLANG_ENABLE_OBJC_WEAK = YES;
				CLANG_WARN_BLOCK_CAPTURE_AUTORELEASING = YES;
				CLANG_WARN_BOOL_CONVERSION = YES;
				CLANG_WARN_COMMA = YES;
				CLANG_WARN_CONSTANT_CONVERSION = YES;
				CLANG_WARN_DEPRECATED_OBJC_IMPLEMENTATIONS = YES;
				CLANG_WARN_DIRECT_OBJC_ISA_USAGE = YES_ERROR;
				CLANG_WARN_DOCUMENTATION_COMMENTS = YES;
				CLANG_WARN_EMPTY_BODY = YES;
				CLANG_WARN_ENUM_CONVERSION = YES;
				CLANG_WARN_INFINITE_RECURSION = YES;
				CLANG_WARN_INT_CONVERSION = YES;
				CLANG_WARN_NON_LITERAL_NULL_CONVERSION = YES;
				CLANG_WARN_OBJC_IMPLICIT_RETAIN_SELF = YES;
				CLANG_WARN_OBJC_LITERAL_CONVERSION = YES;
				CLANG_WARN_OBJC_ROOT_CLASS = YES_ERROR;
				CLANG_WARN_RANGE_LOOP_ANALYSIS = YES;
				CLANG_WARN_STRICT_PROTOTYPES = YES;
				CLANG_WARN_SUSPICIOUS_MOVE = YES;
				CLANG_WARN_UNGUARDED_AVAILABILITY = YES_AGGRESSIVE;
				CLANG_WARN_UNREACHABLE_CODE = YES;
				CLANG_WARN__DUPLICATE_METHOD_MATCH = YES;
				CODE_SIGN_IDENTITY = "iPhone Developer";
				COPY_PHASE_STRIP = NO;
				DEBUG_INFORMATION_FORMAT = "dwarf-with-dsym";
				ENABLE_NS_ASSERTIONS = NO;
				ENABLE_STRICT_OBJC_MSGSEND = YES;
				GCC_C_LANGUAGE_STANDARD = gnu11;
				GCC_NO_COMMON_BLOCKS = YES;
				GCC_WARN_64_TO_32_BIT_CONVERSION = YES;
				GCC_WARN_ABOUT_RETURN_TYPE = YES_ERROR;
				GCC_WARN_UNDECLARED_SELECTOR = YES;
				GCC_WARN_UNINITIALIZED_AUTOS = YES_AGGRESSIVE;
				GCC_WARN_UNUSED_FUNCTION = YES;
				GCC_WARN_UNUSED_VARIABLE = YES;
				IPHONEOS_DEPLOYMENT_TARGET = 11.4;
				MTL_ENABLE_DEBUG_INFO = NO;
				SDKROOT = iphoneos;
				SWIFT_COMPILATION_MODE = wholemodule;
				SWIFT_OPTIMIZATION_LEVEL = "-O";
				VALIDATE_PRODUCT = YES;
			};
			name = Release;
		};
		5188F028214AB41B0087430D /* Debug */ = {
			isa = XCBuildConfiguration;
			baseConfigurationReference = 8371393D8EBE4059345BA638 /* Pods-imageUpload.debug.xcconfig */;
			buildSettings = {
				ASSETCATALOG_COMPILER_APPICON_NAME = AppIcon;
				CODE_SIGN_STYLE = Automatic;
				DEVELOPMENT_TEAM = SF3FAEV6UC;
				INFOPLIST_FILE = imageUpload/Info.plist;
				LD_RUNPATH_SEARCH_PATHS = (
					"$(inherited)",
					"@executable_path/Frameworks",
				);
				PRODUCT_BUNDLE_IDENTIFIER = com.ialtoobi.imageUpload;
				PRODUCT_NAME = "$(TARGET_NAME)";
				SWIFT_VERSION = 4.0;
				TARGETED_DEVICE_FAMILY = "1,2";
			};
			name = Debug;
		};
		5188F029214AB41B0087430D /* Release */ = {
			isa = XCBuildConfiguration;
			baseConfigurationReference = 78C23309F70C805BEAE7A318 /* Pods-imageUpload.release.xcconfig */;
			buildSettings = {
				ASSETCATALOG_COMPILER_APPICON_NAME = AppIcon;
				CODE_SIGN_STYLE = Automatic;
				DEVELOPMENT_TEAM = SF3FAEV6UC;
				INFOPLIST_FILE = imageUpload/Info.plist;
				LD_RUNPATH_SEARCH_PATHS = (
					"$(inherited)",
					"@executable_path/Frameworks",
				);
				PRODUCT_BUNDLE_IDENTIFIER = com.ialtoobi.imageUpload;
				PRODUCT_NAME = "$(TARGET_NAME)";
				SWIFT_VERSION = 4.0;
				TARGETED_DEVICE_FAMILY = "1,2";
			};
			name = Release;
		};
/* End XCBuildConfiguration section */

/* Begin XCConfigurationList section */
		5188F010214AB4190087430D /* Build configuration list for PBXProject "imageUpload" */ = {
			isa = XCConfigurationList;
			buildConfigurations = (
				5188F025214AB41B0087430D /* Debug */,
				5188F026214AB41B0087430D /* Release */,
			);
			defaultConfigurationIsVisible = 0;
			defaultConfigurationName = Release;
		};
		5188F027214AB41B0087430D /* Build configuration list for PBXNativeTarget "imageUpload" */ = {
			isa = XCConfigurationList;
			buildConfigurations = (
				5188F028214AB41B0087430D /* Debug */,
				5188F029214AB41B0087430D /* Release */,
			);
			defaultConfigurationIsVisible = 0;
			defaultConfigurationName = Release;
		};
/* End XCConfigurationList section */
	};
	rootObject = 5188F00D214AB4190087430D /* Project object */;
}
